{
  "name": "@pie-project/openclaw-provider",
  "version": "0.1.0",
  "lockfileVersion": 3,
  "requires": true,
  "packages": {
    "": {
      "name": "@pie-project/openclaw-provider",
      "version": "0.1.0",
      "dependencies": {
        "@pie-project/client": "file:../../client/javascript"
      },
      "devDependencies": {
        "typescript": "^5.8.0"
      }
    },
    "../../client/javascript": {
      "name": "@pie-project/client",
      "version": "0.3.0",
      "dependencies": {
        "@noble/hashes": "^2.2.0",
        "msgpack-lite": "^0.1.26"
      }
    },
    "node_modules/@pie-project/client": {
      "resolved": "../../client/javascript",
      "link": true
    },
    "node_modules/typescript": {
      "version": "5.9.3",
      "resolved": "https://registry.npmjs.org/typescript/-/typescript-5.9.3.tgz",
      "integrity": "sha512-jl1vZzPDinLr9eUt3J/t7V6FgNEw9QjvBPdysz9KfQDD41fQrC2Y4vKQdiaUpFT4bXlb1RHhLpp8wtm6M5TgSw==",
      "dev": true,
      "license": "Apache-2.0",
      "bin": {
        "tsc": "bin/tsc",
        "tsserver": "bin/tsserver"
      },
      "engines": {
        "node": ">=14.17"
      }
    }
  }
}
